// !$*UTF8*$!
{
	archiveVersion = 1;
	classes = {
	};
	objectVersion = 46;
	objects = {

/* Begin PBXBuildFile section */
		10BD41421DA8130D006AD763 /* AppDelegate.swift in Sources */ = {isa = PBXBuildFile; fileRef = 10BD41411DA8130D006AD763 /* AppDelegate.swift */; };
		10BD41441DA8130D006AD763 /* ViewController.swift in Sources */ = {isa = PBXBuildFile; fileRef = 10BD41431DA8130D006AD763 /* ViewController.swift */; };
		10BD41461DA8130D006AD763 /* Assets.xcassets in Resources */ = {isa = PBXBuildFile; fileRef = 10BD41451DA8130D006AD763 /* Assets.xcassets */; };
		10BD41491DA8130D006AD763 /* Main.storyboard in Resources */ = {isa = PBXBuildFile; fileRef = 10BD41471DA8130D006AD763 /* Main.storyboard */; };
		10BD41521DA81328006AD763 /* EventMonitor.swift in Sources */ = {isa = PBXBuildFile; fileRef = 10BD41511DA81328006AD763 /* EventMonitor.swift */; };
		10C801231DA82D040050B05B /* .gitignore in Resources */ = {isa = PBXBuildFile; fileRef = 10C801221DA82D040050B05B /* .gitignore */; };
/* End PBXBuildFile section */

/* Begin PBXFileReference section */
		10BD413E1DA8130D006AD763 /* MPass.app */ = {isa = PBXFileReference; explicitFileType = wrapper.application; includeInIndex = 0; path = MPass.app; sourceTree = BUILT_PRODUCTS_DIR; };
		10BD41411DA8130D006AD763 /* AppDelegate.swift */ = {isa = PBXFileReference; lastKnownFileType = sourcecode.swift; path = AppDelegate.swift; sourceTree = "<group>"; };
		10BD41431DA8130D006AD763 /* ViewController.swift */ = {isa = PBXFileReference; lastKnownFileType = sourcecode.swift; path = ViewController.swift; sourceTree = "<group>"; };
		10BD41451DA8130D006AD763 /* Assets.xcassets */ = {isa = PBXFileReference; lastKnownFileType = folder.assetcatalog; path = Assets.xcassets; sourceTree = "<group>"; };
		10BD41481DA8130D006AD763 /* Base */ = {isa = PBXFileReference; lastKnownFileType = file.storyboard; name = Base; path = Base.lproj/Main.storyboard; sourceTree = "<group>"; };
		10BD414A1DA8130D006AD763 /* Info.plist */ = {isa = PBXFileReference; lastKnownFileType = text.plist.xml; path = Info.plist; sourceTree = "<group>"; };
		10BD41511DA81328006AD763 /* EventMonitor.swift */ = {isa = PBXFileReference; fileEncoding = 4; lastKnownFileType = sourcecode.swift; path = EventMonitor.swift; sourceTree = "<group>"; };
		10C801221DA82D040050B05B /* .gitignore */ = {isa = PBXFileReference; fileEncoding = 4; lastKnownFileType = text; path = .gitignore; sourceTree = "<group>"; };
/* End PBXFileReference section */

/* Begin PBXFrameworksBuildPhase section */
		10BD413B1DA8130D006AD763 /* Frameworks */ = {
			isa = PBXFrameworksBuildPhase;
			buildActionMask = 2147483647;
			files = (
			);
			runOnlyForDeploymentPostprocessing = 0;
		};
/* End PBXFrameworksBuildPhase section */

/* Begin PBXGroup section */
		10BD41351DA8130D006AD763 = {
			isa = PBXGroup;
			children = (
				10C801221DA82D040050B05B /* .gitignore */,
				10BD41401DA8130D006AD763 /* MPass */,
				10BD413F1DA8130D006AD763 /* Products */,
			);
			sourceTree = "<group>";
		};
		10BD413F1DA8130D006AD763 /* Products */ = {
			isa = PBXGroup;
			children = (
				10BD413E1DA8130D006AD763 /* MPass.app */,
			);
			name = Products;
			sourceTree = "<group>";
		};
		10BD41401DA8130D006AD763 /* MPass */ = {
			isa = PBXGroup;
			children = (
				10BD41501DA81320006AD763 /* Helpers */,
				10BD41411DA8130D006AD763 /* AppDelegate.swift */,
				10BD41431DA8130D006AD763 /* ViewController.swift */,
				10BD41451DA8130D006AD763 /* Assets.xcassets */,
				10BD41471DA8130D006AD763 /* Main.storyboard */,
				10BD414A1DA8130D006AD763 /* Info.plist */,
			);
			path = MPass;
			sourceTree = "<group>";
		};
		10BD41501DA81320006AD763 /* Helpers */ = {
			isa = PBXGroup;
			children = (
				10BD41511DA81328006AD763 /* EventMonitor.swift */,
			);
			name = Helpers;
			sourceTree = "<group>";
		};
/* End PBXGroup section */

/* Begin PBXNativeTarget section */
		10BD413D1DA8130D006AD763 /* MPass */ = {
			isa = PBXNativeTarget;
			buildConfigurationList = 10BD414D1DA8130D006AD763 /* Build configuration list for PBXNativeTarget "MPass" */;
			buildPhases = (
				10BD413A1DA8130D006AD763 /* Sources */,
				10BD413B1DA8130D006AD763 /* Frameworks */,
				10BD413C1DA8130D006AD763 /* Resources */,
			);
			buildRules = (
			);
			dependencies = (
			);
			name = MPass;
			productName = MPass;
			productReference = 10BD413E1DA8130D006AD763 /* MPass.app */;
			productType = "com.apple.product-type.application";
		};
/* End PBXNativeTarget section */

/* Begin PBXProject section */
		10BD41361DA8130D006AD763 /* Project object */ = {
			isa = PBXProject;
			attributes = {
				LastSwiftUpdateCheck = 0810;
				LastUpgradeCheck = 0810;
				ORGANIZATIONNAME = Evgeniy;
				TargetAttributes = {
					10BD413D1DA8130D006AD763 = {
						CreatedOnToolsVersion = 8.1;
						DevelopmentTeam = VD97XKT54M;
						ProvisioningStyle = Automatic;
					};
				};
			};
			buildConfigurationList = 10BD41391DA8130D006AD763 /* Build configuration list for PBXProject "MPass" */;
			compatibilityVersion = "Xcode 3.2";
			developmentRegion = English;
			hasScannedForEncodings = 0;
			knownRegions = (
				en,
				Base,
			);
			mainGroup = 10BD41351DA8130D006AD763;
			productRefGroup = 10BD413F1DA8130D006AD763 /* Products */;
			projectDirPath = "";
			projectRoot = "";
			targets = (
				10BD413D1DA8130D006AD763 /* MPass */,
			);
		};
/* End PBXProject section */

/* Begin PBXResourcesBuildPhase section */
		10BD413C1DA8130D006AD763 /* Resources */ = {
			isa = PBXResourcesBuildPhase;
			buildActionMask = 2147483647;
			files = (
				10BD41461DA8130D006AD763 /* Assets.xcassets in Resources */,
				10C801231DA82D040050B05B /* .gitignore in Resources */,
				10BD41491DA8130D006AD763 /* Main.storyboard in Resources */,
			);
			runOnlyForDeploymentPostprocessing = 0;
		};
/* End PBXResourcesBuildPhase section */

/* Begin PBXSourcesBuildPhase section */
		10BD413A1DA8130D006AD763 /* Sources */ = {
			isa = PBXSourcesBuildPhase;
			buildActionMask = 2147483647;
			files = (
				10BD41521DA81328006AD763 /* EventMonitor.swift in Sources */,
				10BD41441DA8130D006AD763 /* ViewController.swift in Sources */,
				10BD41421DA8130D006AD763 /* AppDelegate.swift in Sources */,
			);
			runOnlyForDeploymentPostprocessing = 0;
		};
/* End PBXSourcesBuildPhase section */

/* Begin PBXVariantGroup section */
		10BD41471DA8130D006AD763 /* Main.storyboard */ = {
			isa = PBXVariantGroup;
			children = (
				10BD41481DA8130D006AD763 /* Base */,
			);
			name = Main.storyboard;
			sourceTree = "<group>";
		};
/* End PBXVariantGroup section */

/* Begin XCBuildConfiguration section */
		10BD414B1DA8130D006AD763 /* Debug */ = {
			isa = XCBuildConfiguration;
			buildSettings = {
				ALWAYS_SEARCH_USER_PATHS = NO;
				CLANG_ANALYZER_NONNULL = YES;
				CLANG_CXX_LANGUAGE_STANDARD = "gnu++0x";
				CLANG_CXX_LIBRARY = "libc++";
				CLANG_ENABLE_MODULES = YES;
				CLANG_ENABLE_OBJC_ARC = YES;
				CLANG_WARN_BOOL_CONVERSION = YES;
				CLANG_WARN_CONSTANT_CONVERSION = YES;
				CLANG_WARN_DIRECT_OBJC_ISA_USAGE = YES_ERROR;
				CLANG_WARN_DOCUMENTATION_COMMENTS = YES;
				CLANG_WARN_EMPTY_BODY = YES;
				CLANG_WARN_ENUM_CONVERSION = YES;
				CLANG_WARN_INFINITE_RECURSION = YES;
				CLANG_WARN_INT_CONVERSION = YES;
				CLANG_WARN_OBJC_ROOT_CLASS = YES_ERROR;
				CLANG_WARN_SUSPICIOUS_MOVES = YES;
				CLANG_WARN_UNREACHABLE_CODE = YES;
				CLANG_WARN__DUPLICATE_METHOD_MATCH = YES;
				CODE_SIGN_IDENTITY = "-";
				COPY_PHASE_STRIP = NO;
				DEBUG_INFORMATION_FORMAT = dwarf;
				ENABLE_STRICT_OBJC_MSGSEND = YES;
				ENABLE_TESTABILITY = YES;
				GCC_C_LANGUAGE_STANDARD = gnu99;
				GCC_DYNAMIC_NO_PIC = NO;
				GCC_NO_COMMON_BLOCKS = YES;
				GCC_OPTIMIZATION_LEVEL = 0;
				GCC_PREPROCESSOR_DEFINITIONS = (
					"DEBUG=1",
					"$(inherited)",
				);
				GCC_WARN_64_TO_32_BIT_CONVERSION = YES;
				GCC_WARN_ABOUT_RETURN_TYPE = YES_ERROR;
				GCC_WARN_UNDECLARED_SELECTOR = YES;
				GCC_WARN_UNINITIALIZED_AUTOS = YES_AGGRESSIVE;
				GCC_WARN_UNUSED_FUNCTION = YES;
				GCC_WARN_UNUSED_VARIABLE = YES;
				MACOSX_DEPLOYMENT_TARGET = 10.12;
				MTL_ENABLE_DEBUG_INFO = YES;
				ONLY_ACTIVE_ARCH = YES;
				SDKROOT = macosx;
				SWIFT_ACTIVE_COMPILATION_CONDITIONS = DEBUG;
				SWIFT_OPTIMIZATION_LEVEL = "-Onone";
			};
			name = Debug;
		};
		10BD414C1DA8130D006AD763 /* Release */ = {
			isa = XCBuildConfiguration;
			buildSettings = {
				ALWAYS_SEARCH_USER_PATHS = NO;
				CLANG_ANALYZER_NONNULL = YES;
				CLANG_CXX_LANGUAGE_STANDARD = "gnu++0x";
				CLANG_CXX_LIBRARY = "libc++";
				CLANG_ENABLE_MODULES = YES;
				CLANG_ENABLE_OBJC_ARC = YES;
				CLANG_WARN_BOOL_CONVERSION = YES;
				CLANG_WARN_CONSTANT_CONVERSION = YES;
				CLANG_WARN_DIRECT_OBJC_ISA_USAGE = YES_ERROR;
				CLANG_WARN_DOCUMENTATION_COMMENTS = YES;
				CLANG_WARN_EMPTY_BODY = YES;
				CLANG_WARN_ENUM_CONVERSION = YES;
				CLANG_WARN_INFINITE_RECURSION = YES;
				CLANG_WARN_INT_CONVERSION = YES;
				CLANG_WARN_OBJC_ROOT_CLASS = YES_ERROR;
				CLANG_WARN_SUSPICIOUS_MOVES = YES;
				CLANG_WARN_UNREACHABLE_CODE = YES;
				CLANG_WARN__DUPLICATE_METHOD_MATCH = YES;
				CODE_SIGN_IDENTITY = "-";
				COPY_PHASE_STRIP = NO;
				DEBUG_INFORMATION_FORMAT = "dwarf-with-dsym";
				ENABLE_NS_ASSERTIONS = NO;
				ENABLE_STRICT_OBJC_MSGSEND = YES;
				GCC_C_LANGUAGE_STANDARD = gnu99;
				GCC_NO_COMMON_BLOCKS = YES;
				GCC_WARN_64_TO_32_BIT_CONVERSION = YES;
				GCC_WARN_ABOUT_RETURN_TYPE = YES_ERROR;
				GCC_WARN_UNDECLARED_SELECTOR = YES;
				GCC_WARN_UNINITIALIZED_AUTOS = YES_AGGRESSIVE;
				GCC_WARN_UNUSED_FUNCTION = YES;
				GCC_WARN_UNUSED_VARIABLE = YES;
				MACOSX_DEPLOYMENT_TARGET = 10.12;
				MTL_ENABLE_DEBUG_INFO = NO;
				SDKROOT = macosx;
				SWIFT_OPTIMIZATION_LEVEL = "-Owholemodule";
			};
			name = Release;
		};
		10BD414E1DA8130D006AD763 /* Debug */ = {
			isa = XCBuildConfiguration;
			buildSettings = {
				ASSETCATALOG_COMPILER_APPICON_NAME = AppIcon;
				COMBINE_HIDPI_IMAGES = YES;
				DEVELOPMENT_TEAM = VD97XKT54M;
				INFOPLIST_FILE = MPass/Info.plist;
				LD_RUNPATH_SEARCH_PATHS = "$(inherited) @executable_path/../Frameworks";
				MACOSX_DEPLOYMENT_TARGET = 10.10;
				PRODUCT_BUNDLE_IDENTIFIER = top.wbdn.MPass;
				PRODUCT_NAME = "$(TARGET_NAME)";
				SWIFT_VERSION = 3.0;
			};
			name = Debug;
		};
		10BD414F1DA8130D006AD763 /* Release */ = {
			isa = XCBuildConfiguration;
			buildSettings = {
				ASSETCATALOG_COMPILER_APPICON_NAME = AppIcon;
				COMBINE_HIDPI_IMAGES = YES;
				DEVELOPMENT_TEAM = VD97XKT54M;
				INFOPLIST_FILE = MPass/Info.plist;
				LD_RUNPATH_SEARCH_PATHS = "$(inherited) @executable_path/../Frameworks";
				MACOSX_DEPLOYMENT_TARGET = 10.10;
				PRODUCT_BUNDLE_IDENTIFIER = top.wbdn.MPass;
				PRODUCT_NAME = "$(TARGET_NAME)";
				SWIFT_VERSION = 3.0;
			};
			name = Release;
		};
/* End XCBuildConfiguration section */

/* Begin XCConfigurationList section */
		10BD41391DA8130D006AD763 /* Build configuration list for PBXProject "MPass" */ = {
			isa = XCConfigurationList;
			buildConfigurations = (
				10BD414B1DA8130D006AD763 /* Debug */,
				10BD414C1DA8130D006AD763 /* Release */,
			);
			defaultConfigurationIsVisible = 0;
			defaultConfigurationName = Release;
		};
		10BD414D1DA8130D006AD763 /* Build configuration list for PBXNativeTarget "MPass" */ = {
			isa = XCConfigurationList;
			buildConfigurations = (
				10BD414E1DA8130D006AD763 /* Debug */,
				10BD414F1DA8130D006AD763 /* Release */,
			);
			defaultConfigurationIsVisible = 0;
			defaultConfigurationName = Release;
		};
/* End XCConfigurationList section */
	};
	rootObject = 10BD41361DA8130D006AD763 /* Project object */;
}
